
Microsoft Visual Studio Solution File, Format Version 12.00
# Visual Studio Version 17
VisualStudioVersion = 17.1.32421.90
MinimumVisualStudioVersion = 10.0.40219.1
Project("{FAE04EC0-301F-11D3-BF4B-00C04F79EFBC}") = "Calcauladora", "Calcauladora\Calcauladora.csproj", "{FE097E20-8E35-442D-AEFE-62BF556325A7}"
EndProject
Global
	GlobalSection(SolutionConfigurationPlatforms) = preSolution
		Debug|Any CPU = Debug|Any CPU
		Release|Any CPU = Release|Any CPU
	EndGlobalSection
	GlobalSection(ProjectConfigurationPlatforms) = postSolution
		{FE097E20-8E35-442D-AEFE-62BF556325A7}.Debug|Any CPU.ActiveCfg = Debug|Any CPU
		{FE097E20-8E35-442D-AEFE-62BF556325A7}.Debug|Any CPU.Build.0 = Debug|Any CPU
		{FE097E20-8E35-442D-AEFE-62BF556325A7}.Release|Any CPU.ActiveCfg = Release|Any CPU
		{FE097E20-8E35-442D-AEFE-62BF556325A7}.Release|Any CPU.Build.0 = Release|Any CPU
	EndGlobalSection
	GlobalSection(SolutionProperties) = preSolution
		HideSolutionNode = FALSE
	EndGlobalSection
	GlobalSection(ExtensibilityGlobals) = postSolution
		SolutionGuid = {E2088BBF-DE3D-4040-893D-82C9C19F7B9C}
	EndGlobalSection
EndGlobal
